// !$*UTF8*$!
{
	archiveVersion = 1;
	classes = {
	};
	objectVersion = 50;
	objects = {

/* Begin PBXBuildFile section */
		FA75E48B249F5B2C00C67A70 /* Utils.swift in Sources */ = {isa = PBXBuildFile; fileRef = FA75E48A249F5B2C00C67A70 /* Utils.swift */; };
		FA82437624A13F8000587154 /* LocationSearchTVC.swift in Sources */ = {isa = PBXBuildFile; fileRef = FA82437524A13F8000587154 /* LocationSearchTVC.swift */; };
		FAC288EA249EDE32005FFEA3 /* AppDelegate.swift in Sources */ = {isa = PBXBuildFile; fileRef = FAC288E9249EDE32005FFEA3 /* AppDelegate.swift */; };
		FAC288EC249EDE32005FFEA3 /* SceneDelegate.swift in Sources */ = {isa = PBXBuildFile; fileRef = FAC288EB249EDE32005FFEA3 /* SceneDelegate.swift */; };
		FAC288EE249EDE32005FFEA3 /* MapVC.swift in Sources */ = {isa = PBXBuildFile; fileRef = FAC288ED249EDE32005FFEA3 /* MapVC.swift */; };
		FAC288F1249EDE32005FFEA3 /* Main.storyboard in Resources */ = {isa = PBXBuildFile; fileRef = FAC288EF249EDE32005FFEA3 /* Main.storyboard */; };
		FAC288F3249EDE34005FFEA3 /* Assets.xcassets in Resources */ = {isa = PBXBuildFile; fileRef = FAC288F2249EDE34005FFEA3 /* Assets.xcassets */; };
		FAC288F6249EDE34005FFEA3 /* LaunchScreen.storyboard in Resources */ = {isa = PBXBuildFile; fileRef = FAC288F4249EDE34005FFEA3 /* LaunchScreen.storyboard */; };
		FAC288FF249EEEA6005FFEA3 /* Place.swift in Sources */ = {isa = PBXBuildFile; fileRef = FAC288FE249EEEA6005FFEA3 /* Place.swift */; };
		FAC28901249F14B0005FFEA3 /* OptionsTVC.swift in Sources */ = {isa = PBXBuildFile; fileRef = FAC28900249F14B0005FFEA3 /* OptionsTVC.swift */; };
		FAC28904249F25F2005FFEA3 /* Const.swift in Sources */ = {isa = PBXBuildFile; fileRef = FAC28903249F25F2005FFEA3 /* Const.swift */; };
/* End PBXBuildFile section */

/* Begin PBXFileReference section */
		FA75E48A249F5B2C00C67A70 /* Utils.swift */ = {isa = PBXFileReference; lastKnownFileType = sourcecode.swift; path = Utils.swift; sourceTree = "<group>"; };
		FA82437524A13F8000587154 /* LocationSearchTVC.swift */ = {isa = PBXFileReference; lastKnownFileType = sourcecode.swift; path = LocationSearchTVC.swift; sourceTree = "<group>"; };
		FAC288E6249EDE32005FFEA3 /* LabTest.app */ = {isa = PBXFileReference; explicitFileType = wrapper.application; includeInIndex = 0; path = LabTest.app; sourceTree = BUILT_PRODUCTS_DIR; };
		FAC288E9249EDE32005FFEA3 /* AppDelegate.swift */ = {isa = PBXFileReference; lastKnownFileType = sourcecode.swift; path = AppDelegate.swift; sourceTree = "<group>"; };
		FAC288EB249EDE32005FFEA3 /* SceneDelegate.swift */ = {isa = PBXFileReference; lastKnownFileType = sourcecode.swift; path = SceneDelegate.swift; sourceTree = "<group>"; };
		FAC288ED249EDE32005FFEA3 /* MapVC.swift */ = {isa = PBXFileReference; lastKnownFileType = sourcecode.swift; path = MapVC.swift; sourceTree = "<group>"; };
		FAC288F0249EDE32005FFEA3 /* Base */ = {isa = PBXFileReference; lastKnownFileType = file.storyboard; name = Base; path = Base.lproj/Main.storyboard; sourceTree = "<group>"; };
		FAC288F2249EDE34005FFEA3 /* Assets.xcassets */ = {isa = PBXFileReference; lastKnownFileType = folder.assetcatalog; path = Assets.xcassets; sourceTree = "<group>"; };
		FAC288F5249EDE34005FFEA3 /* Base */ = {isa = PBXFileReference; lastKnownFileType = file.storyboard; name = Base; path = Base.lproj/LaunchScreen.storyboard; sourceTree = "<group>"; };
		FAC288F7249EDE34005FFEA3 /* Info.plist */ = {isa = PBXFileReference; lastKnownFileType = text.plist.xml; path = Info.plist; sourceTree = "<group>"; };
		FAC288FE249EEEA6005FFEA3 /* Place.swift */ = {isa = PBXFileReference; lastKnownFileType = sourcecode.swift; path = Place.swift; sourceTree = "<group>"; };
		FAC28900249F14B0005FFEA3 /* OptionsTVC.swift */ = {isa = PBXFileReference; lastKnownFileType = sourcecode.swift; path = OptionsTVC.swift; sourceTree = "<group>"; };
		FAC28903249F25F2005FFEA3 /* Const.swift */ = {isa = PBXFileReference; lastKnownFileType = sourcecode.swift; path = Const.swift; sourceTree = "<group>"; };
/* End PBXFileReference section */

/* Begin PBXFrameworksBuildPhase section */
		FAC288E3249EDE32005FFEA3 /* Frameworks */ = {
			isa = PBXFrameworksBuildPhase;
			buildActionMask = 2147483647;
			files = (
			);
			runOnlyForDeploymentPostprocessing = 0;
		};
/* End PBXFrameworksBuildPhase section */

/* Begin PBXGroup section */
		FAC288DD249EDE32005FFEA3 = {
			isa = PBXGroup;
			children = (
				FAC288E8249EDE32005FFEA3 /* LabTest */,
				FAC288E7249EDE32005FFEA3 /* Products */,
			);
			sourceTree = "<group>";
		};
		FAC288E7249EDE32005FFEA3 /* Products */ = {
			isa = PBXGroup;
			children = (
				FAC288E6249EDE32005FFEA3 /* LabTest.app */,
			);
			name = Products;
			sourceTree = "<group>";
		};
		FAC288E8249EDE32005FFEA3 /* LabTest */ = {
			isa = PBXGroup;
			children = (
				FAC288F2249EDE34005FFEA3 /* Assets.xcassets */,
				FAC28902249F25E2005FFEA3 /* common */,
				FAC28906249F4EC0005FFEA3 /* controllers */,
				FAC28905249F4EB7005FFEA3 /* delegate */,
				FAC288FD249EEE9A005FFEA3 /* model */,
				FAC288F7249EDE34005FFEA3 /* Info.plist */,
				FAC288F4249EDE34005FFEA3 /* LaunchScreen.storyboard */,
				FAC288EF249EDE32005FFEA3 /* Main.storyboard */,
			);
			path = LabTest;
			sourceTree = "<group>";
		};
		FAC288FD249EEE9A005FFEA3 /* model */ = {
			isa = PBXGroup;
			children = (
				FAC288FE249EEEA6005FFEA3 /* Place.swift */,
			);
			path = model;
			sourceTree = "<group>";
		};
		FAC28902249F25E2005FFEA3 /* common */ = {
			isa = PBXGroup;
			children = (
				FAC28903249F25F2005FFEA3 /* Const.swift */,
				FA75E48A249F5B2C00C67A70 /* Utils.swift */,
			);
			path = common;
			sourceTree = "<group>";
		};
		FAC28905249F4EB7005FFEA3 /* delegate */ = {
			isa = PBXGroup;
			children = (
				FAC288E9249EDE32005FFEA3 /* AppDelegate.swift */,
				FAC288EB249EDE32005FFEA3 /* SceneDelegate.swift */,
			);
			path = delegate;
			sourceTree = "<group>";
		};
		FAC28906249F4EC0005FFEA3 /* controllers */ = {
			isa = PBXGroup;
			children = (
				FAC28900249F14B0005FFEA3 /* OptionsTVC.swift */,
				FAC288ED249EDE32005FFEA3 /* MapVC.swift */,
				FA82437524A13F8000587154 /* LocationSearchTVC.swift */,
			);
			path = controllers;
			sourceTree = "<group>";
		};
/* End PBXGroup section */

/* Begin PBXNativeTarget section */
		FAC288E5249EDE32005FFEA3 /* LabTest */ = {
			isa = PBXNativeTarget;
			buildConfigurationList = FAC288FA249EDE34005FFEA3 /* Build configuration list for PBXNativeTarget "LabTest" */;
			buildPhases = (
				FAC288E2249EDE32005FFEA3 /* Sources */,
				FAC288E3249EDE32005FFEA3 /* Frameworks */,
				FAC288E4249EDE32005FFEA3 /* Resources */,
			);
			buildRules = (
			);
			dependencies = (
			);
			name = LabTest;
			productName = LabTest;
			productReference = FAC288E6249EDE32005FFEA3 /* LabTest.app */;
			productType = "com.apple.product-type.application";
		};
/* End PBXNativeTarget section */

/* Begin PBXProject section */
		FAC288DE249EDE32005FFEA3 /* Project object */ = {
			isa = PBXProject;
			attributes = {
				LastSwiftUpdateCheck = 1150;
				LastUpgradeCheck = 1150;
				ORGANIZATIONNAME = iStart17;
				TargetAttributes = {
					FAC288E5249EDE32005FFEA3 = {
						CreatedOnToolsVersion = 11.5;
					};
				};
			};
			buildConfigurationList = FAC288E1249EDE32005FFEA3 /* Build configuration list for PBXProject "LabTest" */;
			compatibilityVersion = "Xcode 9.3";
			developmentRegion = en;
			hasScannedForEncodings = 0;
			knownRegions = (
				en,
				Base,
			);
			mainGroup = FAC288DD249EDE32005FFEA3;
			productRefGroup = FAC288E7249EDE32005FFEA3 /* Products */;
			projectDirPath = "";
			projectRoot = "";
			targets = (
				FAC288E5249EDE32005FFEA3 /* LabTest */,
			);
		};
/* End PBXProject section */

/* Begin PBXResourcesBuildPhase section */
		FAC288E4249EDE32005FFEA3 /* Resources */ = {
			isa = PBXResourcesBuildPhase;
			buildActionMask = 2147483647;
			files = (
				FAC288F6249EDE34005FFEA3 /* LaunchScreen.storyboard in Resources */,
				FAC288F3249EDE34005FFEA3 /* Assets.xcassets in Resources */,
				FAC288F1249EDE32005FFEA3 /* Main.storyboard in Resources */,
			);
			runOnlyForDeploymentPostprocessing = 0;
		};
/* End PBXResourcesBuildPhase section */

/* Begin PBXSourcesBuildPhase section */
		FAC288E2249EDE32005FFEA3 /* Sources */ = {
			isa = PBXSourcesBuildPhase;
			buildActionMask = 2147483647;
			files = (
				FAC28901249F14B0005FFEA3 /* OptionsTVC.swift in Sources */,
				FAC288EE249EDE32005FFEA3 /* MapVC.swift in Sources */,
				FAC288EA249EDE32005FFEA3 /* AppDelegate.swift in Sources */,
				FA75E48B249F5B2C00C67A70 /* Utils.swift in Sources */,
				FAC288EC249EDE32005FFEA3 /* SceneDelegate.swift in Sources */,
				FAC288FF249EEEA6005FFEA3 /* Place.swift in Sources */,
				FA82437624A13F8000587154 /* LocationSearchTVC.swift in Sources */,
				FAC28904249F25F2005FFEA3 /* Const.swift in Sources */,
			);
			runOnlyForDeploymentPostprocessing = 0;
		};
/* End PBXSourcesBuildPhase section */

/* Begin PBXVariantGroup section */
		FAC288EF249EDE32005FFEA3 /* Main.storyboard */ = {
			isa = PBXVariantGroup;
			children = (
				FAC288F0249EDE32005FFEA3 /* Base */,
			);
			name = Main.storyboard;
			sourceTree = "<group>";
		};
		FAC288F4249EDE34005FFEA3 /* LaunchScreen.storyboard */ = {
			isa = PBXVariantGroup;
			children = (
				FAC288F5249EDE34005FFEA3 /* Base */,
			);
			name = LaunchScreen.storyboard;
			sourceTree = "<group>";
		};
/* End PBXVariantGroup section */

/* Begin XCBuildConfiguration section */
		FAC288F8249EDE34005FFEA3 /* Debug */ = {
			isa = XCBuildConfiguration;
			buildSettings = {
				ALWAYS_SEARCH_USER_PATHS = NO;
				CLANG_ANALYZER_NONNULL = YES;
				CLANG_ANALYZER_NUMBER_OBJECT_CONVERSION = YES_AGGRESSIVE;
				CLANG_CXX_LANGUAGE_STANDARD = "gnu++14";
				CLANG_CXX_LIBRARY = "libc++";
				CLANG_ENABLE_MODULES = YES;
				CLANG_ENABLE_OBJC_ARC = YES;
				CLANG_ENABLE_OBJC_WEAK = YES;
				CLANG_WARN_BLOCK_CAPTURE_AUTORELEASING = YES;
				CLANG_WARN_BOOL_CONVERSION = YES;
				CLANG_WARN_COMMA = YES;
				CLANG_WARN_CONSTANT_CONVERSION = YES;
				CLANG_WARN_DEPRECATED_OBJC_IMPLEMENTATIONS = YES;
				CLANG_WARN_DIRECT_OBJC_ISA_USAGE = YES_ERROR;
				CLANG_WARN_DOCUMENTATION_COMMENTS = YES;
				CLANG_WARN_EMPTY_BODY = YES;
				CLANG_WARN_ENUM_CONVERSION = YES;
				CLANG_WARN_INFINITE_RECURSION = YES;
				CLANG_WARN_INT_CONVERSION = YES;
				CLANG_WARN_NON_LITERAL_NULL_CONVERSION = YES;
				CLANG_WARN_OBJC_IMPLICIT_RETAIN_SELF = YES;
				CLANG_WARN_OBJC_LITERAL_CONVERSION = YES;
				CLANG_WARN_OBJC_ROOT_CLASS = YES_ERROR;
				CLANG_WARN_RANGE_LOOP_ANALYSIS = YES;
				CLANG_WARN_STRICT_PROTOTYPES = YES;
				CLANG_WARN_SUSPICIOUS_MOVE = YES;
				CLANG_WARN_UNGUARDED_AVAILABILITY = YES_AGGRESSIVE;
				CLANG_WARN_UNREACHABLE_CODE = YES;
				CLANG_WARN__DUPLICATE_METHOD_MATCH = YES;
				COPY_PHASE_STRIP = NO;
				DEBUG_INFORMATION_FORMAT = dwarf;
				ENABLE_STRICT_OBJC_MSGSEND = YES;
				ENABLE_TESTABILITY = YES;
				GCC_C_LANGUAGE_STANDARD = gnu11;
				GCC_DYNAMIC_NO_PIC = NO;
				GCC_NO_COMMON_BLOCKS = YES;
				GCC_OPTIMIZATION_LEVEL = 0;
				GCC_PREPROCESSOR_DEFINITIONS = (
					"DEBUG=1",
					"$(inherited)",
				);
				GCC_WARN_64_TO_32_BIT_CONVERSION = YES;
				GCC_WARN_ABOUT_RETURN_TYPE = YES_ERROR;
				GCC_WARN_UNDECLARED_SELECTOR = YES;
				GCC_WARN_UNINITIALIZED_AUTOS = YES_AGGRESSIVE;
				GCC_WARN_UNUSED_FUNCTION = YES;
				GCC_WARN_UNUSED_VARIABLE = YES;
				IPHONEOS_DEPLOYMENT_TARGET = 13.5;
				MTL_ENABLE_DEBUG_INFO = INCLUDE_SOURCE;
				MTL_FAST_MATH = YES;
				ONLY_ACTIVE_ARCH = YES;
				SDKROOT = iphoneos;
				SWIFT_ACTIVE_COMPILATION_CONDITIONS = DEBUG;
				SWIFT_OPTIMIZATION_LEVEL = "-Onone";
			};
			name = Debug;
		};
		FAC288F9249EDE34005FFEA3 /* Release */ = {
			isa = XCBuildConfiguration;
			buildSettings = {
				ALWAYS_SEARCH_USER_PATHS = NO;
				CLANG_ANALYZER_NONNULL = YES;
				CLANG_ANALYZER_NUMBER_OBJECT_CONVERSION = YES_AGGRESSIVE;
				CLANG_CXX_LANGUAGE_STANDARD = "gnu++14";
				CLANG_CXX_LIBRARY = "libc++";
				CLANG_ENABLE_MODULES = YES;
				CLANG_ENABLE_OBJC_ARC = YES;
				CLANG_ENABLE_OBJC_WEAK = YES;
				CLANG_WARN_BLOCK_CAPTURE_AUTORELEASING = YES;
				CLANG_WARN_BOOL_CONVERSION = YES;
				CLANG_WARN_COMMA = YES;
				CLANG_WARN_CONSTANT_CONVERSION = YES;
				CLANG_WARN_DEPRECATED_OBJC_IMPLEMENTATIONS = YES;
				CLANG_WARN_DIRECT_OBJC_ISA_USAGE = YES_ERROR;
				CLANG_WARN_DOCUMENTATION_COMMENTS = YES;
				CLANG_WARN_EMPTY_BODY = YES;
				CLANG_WARN_ENUM_CONVERSION = YES;
				CLANG_WARN_INFINITE_RECURSION = YES;
				CLANG_WARN_INT_CONVERSION = YES;
				CLANG_WARN_NON_LITERAL_NULL_CONVERSION = YES;
				CLANG_WARN_OBJC_IMPLICIT_RETAIN_SELF = YES;
				CLANG_WARN_OBJC_LITERAL_CONVERSION = YES;
				CLANG_WARN_OBJC_ROOT_CLASS = YES_ERROR;
				CLANG_WARN_RANGE_LOOP_ANALYSIS = YES;
				CLANG_WARN_STRICT_PROTOTYPES = YES;
				CLANG_WARN_SUSPICIOUS_MOVE = YES;
				CLANG_WARN_UNGUARDED_AVAILABILITY = YES_AGGRESSIVE;
				CLANG_WARN_UNREACHABLE_CODE = YES;
				CLANG_WARN__DUPLICATE_METHOD_MATCH = YES;
				COPY_PHASE_STRIP = NO;
				DEBUG_INFORMATION_FORMAT = "dwarf-with-dsym";
				ENABLE_NS_ASSERTIONS = NO;
				ENABLE_STRICT_OBJC_MSGSEND = YES;
				GCC_C_LANGUAGE_STANDARD = gnu11;
				GCC_NO_COMMON_BLOCKS = YES;
				GCC_WARN_64_TO_32_BIT_CONVERSION = YES;
				GCC_WARN_ABOUT_RETURN_TYPE = YES_ERROR;
				GCC_WARN_UNDECLARED_SELECTOR = YES;
				GCC_WARN_UNINITIALIZED_AUTOS = YES_AGGRESSIVE;
				GCC_WARN_UNUSED_FUNCTION = YES;
				GCC_WARN_UNUSED_VARIABLE = YES;
				IPHONEOS_DEPLOYMENT_TARGET = 13.5;
				MTL_ENABLE_DEBUG_INFO = NO;
				MTL_FAST_MATH = YES;
				SDKROOT = iphoneos;
				SWIFT_COMPILATION_MODE = wholemodule;
				SWIFT_OPTIMIZATION_LEVEL = "-O";
				VALIDATE_PRODUCT = YES;
			};
			name = Release;
		};
		FAC288FB249EDE34005FFEA3 /* Debug */ = {
			isa = XCBuildConfiguration;
			buildSettings = {
				ASSETCATALOG_COMPILER_APPICON_NAME = AppIcon;
				CODE_SIGN_STYLE = Automatic;
				DEVELOPMENT_TEAM = 89YZ4C8G7R;
				INFOPLIST_FILE = LabTest/Info.plist;
				IPHONEOS_DEPLOYMENT_TARGET = 13.0;
				LD_RUNPATH_SEARCH_PATHS = (
					"$(inherited)",
					"@executable_path/Frameworks",
				);
				PRODUCT_BUNDLE_IDENTIFIER = com.varshini.LabTest;
				PRODUCT_NAME = "$(TARGET_NAME)";
				SWIFT_VERSION = 5.0;
				TARGETED_DEVICE_FAMILY = "1,2";
			};
			name = Debug;
		};
		FAC288FC249EDE34005FFEA3 /* Release */ = {
			isa = XCBuildConfiguration;
			buildSettings = {
				ASSETCATALOG_COMPILER_APPICON_NAME = AppIcon;
				CODE_SIGN_STYLE = Automatic;
				DEVELOPMENT_TEAM = 89YZ4C8G7R;
				INFOPLIST_FILE = LabTest/Info.plist;
				IPHONEOS_DEPLOYMENT_TARGET = 13.0;
				LD_RUNPATH_SEARCH_PATHS = (
					"$(inherited)",
					"@executable_path/Frameworks",
				);
				PRODUCT_BUNDLE_IDENTIFIER = com.varshini.LabTest;
				PRODUCT_NAME = "$(TARGET_NAME)";
				SWIFT_VERSION = 5.0;
				TARGETED_DEVICE_FAMILY = "1,2";
			};
			name = Release;
		};
/* End XCBuildConfiguration section */

/* Begin XCConfigurationList section */
		FAC288E1249EDE32005FFEA3 /* Build configuration list for PBXProject "LabTest" */ = {
			isa = XCConfigurationList;
			buildConfigurations = (
				FAC288F8249EDE34005FFEA3 /* Debug */,
				FAC288F9249EDE34005FFEA3 /* Release */,
			);
			defaultConfigurationIsVisible = 0;
			defaultConfigurationName = Release;
		};
		FAC288FA249EDE34005FFEA3 /* Build configuration list for PBXNativeTarget "LabTest" */ = {
			isa = XCConfigurationList;
			buildConfigurations = (
				FAC288FB249EDE34005FFEA3 /* Debug */,
				FAC288FC249EDE34005FFEA3 /* Release */,
			);
			defaultConfigurationIsVisible = 0;
			defaultConfigurationName = Release;
		};
/* End XCConfigurationList section */
	};
	rootObject = FAC288DE249EDE32005FFEA3 /* Project object */;
}
